hash: dedabc8bc92f93de27c71aff440a0afab02b668546163cd11d5dad1d9454f3cb
updated: 2018-05-03T16:02:55.029621084-07:00
imports:
- name: github.com/appscode/go
  version: 230e0e4622c682b5d117db8c28a66404ed874ed5
  subpackages:
  - analytics
  - homedir
  - log/golog
  - runtime
  - version
- name: github.com/appscode/jsonpatch
  version: 58a38a46ddb591a543c6b1003213353e29331c5a
- name: github.com/appscode/kutil
  version: 315e8967219ed1ab9d0acd6e0268e9b2fe60f742
  subpackages:
  - meta
  - tools/analytics
- name: github.com/aws/aws-sdk-go
  version: cd721c97ef6fcfcb76b4feb14fcfead57fb01e5e
  subpackages:
  - aws
  - aws/awserr
  - aws/awsutil
  - aws/client
  - aws/client/metadata
  - aws/corehandlers
  - aws/credentials
  - aws/credentials/ec2rolecreds
  - aws/credentials/endpointcreds
  - aws/credentials/stscreds
  - aws/defaults
  - aws/ec2metadata
  - aws/endpoints
  - aws/request
  - aws/session
  - aws/signer/v4
  - internal/shareddefaults
  - private/protocol
  - private/protocol/json/jsonutil
  - private/protocol/jsonrpc
  - private/protocol/query
  - private/protocol/query/queryutil
  - private/protocol/rest
  - private/protocol/xml/xmlutil
  - service/lightsail
  - service/sts
- name: github.com/beorn7/perks
  version: 3ac7bf7a47d159a033b107610db8a1b6575507a4
  subpackages:
  - quantile
- name: github.com/cpuguy83/go-md2man
  version: 71acacd42f85e5e82f70a55327789582a5200a90
  subpackages:
  - md2man
- name: github.com/davecgh/go-spew
  version: 782f4967f2dc4564575ca782fe2d04090b5faca8
  subpackages:
  - spew
- name: github.com/digitalocean/godo
  version: 77ea48de76a7b31b234d854f15d003c68bb2fb90
  subpackages:
  - context
- name: github.com/docker/distribution
  version: edc3ab29cdff8694dd6feb85cfeb4b5f1b38ed9c
  subpackages:
  - digestset
  - reference
- name: github.com/evanphx/json-patch
  version: 944e07253867aacae43c04b2e6a239005443f33a
- name: github.com/fsnotify/fsnotify
  version: f12c6236fe7b5cf6bcf30e5935d08cb079d78334
- name: github.com/ghodss/yaml
  version: 73d445a93680fa1a78ae23a5839bad48f32ba1ee
- name: github.com/go-ini/ini
  version: 300e940a926eb277d3901b20bdfcc54928ad3642
- name: github.com/gogo/protobuf
  version: c0656edd0d9eab7c66d1eb0c568f9039345796f7
  subpackages:
  - proto
  - sortkeys
- name: github.com/golang/glog
  version: 44145f04b68cf362d9c4df2182967c2275eaefed
- name: github.com/golang/groupcache
  version: 02826c3e79038b59d737d3b1c0a1d937f71a4433
  subpackages:
  - lru
- name: github.com/golang/protobuf
  version: 1643683e1b54a9e88ad26d98f81400c8c9d9f4f9
  subpackages:
  - proto
  - ptypes
  - ptypes/any
  - ptypes/duration
  - ptypes/timestamp
- name: github.com/google/go-cmp
  version: 5411ab924f9ffa6566244a9e504bc347edacffd3
  subpackages:
  - cmp
  - cmp/internal/diff
  - cmp/internal/function
  - cmp/internal/value
- name: github.com/google/go-querystring
  version: 53e6ce116135b80d037921a7fdd5138cf32d7a8a
  subpackages:
  - query
- name: github.com/google/gofuzz
  version: 44d81051d367757e1c7c6a5a86423ece9afcf63c
- name: github.com/google/uuid
  version: 8c31c18f31ede9fc8eae72290a7e7a8064e9b3e3
- name: github.com/googleapis/gnostic
  version: 0c5108395e2debce0d731cf0287ddf7242066aba
  subpackages:
  - OpenAPIv2
  - compiler
  - extensions
- name: github.com/hashicorp/go-version
  version: 53932f80ddea12bea96be074f9fb2dc545806aba
  repo: https://github.com/appscode/go-version.git
  vcs: git
- name: github.com/hashicorp/golang-lru
  version: a0d98a5f288019575c6d1f4bb1573fef2d1fcdc4
  subpackages:
  - simplelru
- name: github.com/inconshreveable/mousetrap
  version: 76626ae9c91c4f2a10f34cad8ce83ea42c93bb75
- name: github.com/JamesClonk/vultr
  version: ee63e028f35bcafd35411640173990c97cc7f866
  subpackages:
  - lib
- name: github.com/jmespath/go-jmespath
  version: 0b12d6b521d83fc7f755e7cfc1b1fbdd35a01a74
- name: github.com/jpillora/go-ogle-analytics
  version: 14b04e0594ef6a9fd943363b135656f0ec8c9d0e
- name: github.com/json-iterator/go
  version: 13f86432b882000a51c6e610c620974462691a97
- name: github.com/juju/ratelimit
  version: 5b9ff866471762aa2ab2dced63c9fb6f53921342
- name: github.com/kr/fs
  version: 2788f0dbd16903de03cb8186e5c7d97b69ad387b
- name: github.com/matttproud/golang_protobuf_extensions
  version: fc2b8d3a73c4867e51861bbdd5ae3c1f0869dd6a
  subpackages:
  - pbutil
- name: github.com/opencontainers/go-digest
  version: a6d0ee40d4207ea02364bd3b9e8e77b9159ba1eb
- name: github.com/packethost/packngo
  version: 80f62d78849dba04e42d8812329ee00558e37c5b
- name: github.com/pkg/errors
  version: 645ef00459ed84a119197bfb8d8205042c6df63d
- name: github.com/pkg/sftp
  version: 4d0e916071f68db74f8a73926335f809396d6b42
- name: github.com/prometheus/client_golang
  version: e7e903064f5e9eb5da98208bae10b475d4db0f8c
  subpackages:
  - prometheus
  - prometheus/promhttp
- name: github.com/prometheus/client_model
  version: fa8ad6fec33561be4280a8f0514318c79d7f6cb6
  subpackages:
  - go
- name: github.com/prometheus/common
  version: 13ba4ddd0caa9c28ca7b7bffe1dfa9ed8d5ef207
  subpackages:
  - expfmt
  - internal/bitbucket.org/ww/goautoneg
  - model
- name: github.com/prometheus/procfs
  version: 65c1f6f8f0fc1e2185eb9863a3bc751496404259
  subpackages:
  - xfs
- name: github.com/russross/blackfriday
  version: 300106c228d52c8941d4b3de6054a6062a86dda3
- name: github.com/sergi/go-diff
  version: 97b2266dfe4bd4ea1b81a463322f04f8b724801e
  subpackages:
  - diffmatchpatch
- name: github.com/shurcooL/sanitized_anchor_name
  version: 10ef21a441db47d8b13ebcc5fd2310f636973c77
- name: github.com/sirupsen/logrus
  version: 89742aefa4b206dcf400792f3bd35b542998eb3b
- name: github.com/spf13/afero
  version: b28a7effac979219c2a2ed6205a4d70e4b1bcd02
  subpackages:
  - mem
  - sftp
- name: github.com/spf13/cobra
  version: ef82de70bb3f60c65fb8eebacbb2d122ef517385
  subpackages:
  - doc
- name: github.com/spf13/pflag
  version: 583c0c0531f06d5278b7d917446061adc344b5cd
- name: github.com/taoh/linodego
  version: d85493a2eaad404c21b1582ce1dc75e745a4ead5
  repo: https://github.com/appscode/linodego.git
  vcs: git
- name: github.com/tent/http-link-go
  version: ac974c61c2f990f4115b119354b5e0b47550e888
- name: github.com/yudai/gojsondiff
  version: 7b1b7adf999dab73a6eb02669c3d82dbb27a3dd6
  subpackages:
  - formatter
- name: github.com/yudai/golcs
  version: d1c525dea8ce39ea9a783d33cf08932305373f2c
- name: golang.org/x/crypto
  version: 1f94bef427e370e425e55b172f3b5e300ef38304
  subpackages:
  - curve25519
  - ed25519
  - ed25519/internal/edwards25519
  - internal/chacha20
  - poly1305
  - ssh
  - ssh/terminal
- name: golang.org/x/net
  version: 1c05540f6879653db88113bc4a2b70aec4bd491f
  subpackages:
  - context
  - context/ctxhttp
  - http2
  - http2/hpack
  - idna
  - lex/httplex
- name: golang.org/x/oauth2
  version: a6bd8cefa1811bd24b86f8902872e4e8225f74c4
  subpackages:
  - internal
- name: golang.org/x/sys
  version: 95c6576299259db960f6c5b9b69ea52422860fce
  subpackages:
  - unix
  - windows
- name: golang.org/x/text
  version: b19bf474d317b857955b12035d2c5acb57ce8b01
  subpackages:
  - secure/bidirule
  - transform
  - unicode/bidi
  - unicode/norm
- name: golang.org/x/time
  version: f51c12702a4d776e4c1fa9b0fabab841babae631
  subpackages:
  - rate
- name: google.golang.org/appengine
  version: 12d5545dc1cfa6047a286d5e853841b6471f4c19
  subpackages:
  - internal
  - internal/base
  - internal/datastore
  - internal/log
  - internal/remote_api
  - internal/urlfetch
  - urlfetch
- name: gopkg.in/inf.v0
  version: 3887ee99ecf07df5b447e9b00d9c0b2adaa9f3e4
- name: gopkg.in/square/go-jose.v2
  version: f8f38de21b4dcd69d0413faf231983f5fd6634b1
  subpackages:
  - cipher
  - json
  - jwt
- name: gopkg.in/yaml.v2
  version: 670d4cfef0544295bc27a114dbac37980d83185a
- name: k8s.io/api
  version: 73d903622b7391f3312dcbac6483fed484e185f8
  subpackages:
  - admissionregistration/v1alpha1
  - admissionregistration/v1beta1
  - apps/v1
  - apps/v1beta1
  - apps/v1beta2
  - authentication/v1
  - authentication/v1beta1
  - authorization/v1
  - authorization/v1beta1
  - autoscaling/v1
  - autoscaling/v2beta1
  - batch/v1
  - batch/v1beta1
  - batch/v2alpha1
  - certificates/v1beta1
  - core/v1
  - events/v1beta1
  - extensions/v1beta1
  - networking/v1
  - policy/v1beta1
  - rbac/v1
  - rbac/v1alpha1
  - rbac/v1beta1
  - scheduling/v1alpha1
  - settings/v1alpha1
  - storage/v1
  - storage/v1alpha1
  - storage/v1beta1
- name: k8s.io/apiextensions-apiserver
  version: 750feebe2038bad00fdf68ba37c31f62c4f1f891
  subpackages:
  - pkg/features
- name: k8s.io/apimachinery
  version: 302974c03f7e50f16561ba237db776ab93594ef6
  subpackages:
  - pkg/api/equality
  - pkg/api/errors
  - pkg/api/meta
  - pkg/api/resource
  - pkg/api/validation
  - pkg/apimachinery
  - pkg/apimachinery/announced
  - pkg/apimachinery/registered
  - pkg/apis/meta/internalversion
  - pkg/apis/meta/v1
  - pkg/apis/meta/v1/unstructured
  - pkg/apis/meta/v1/validation
  - pkg/apis/meta/v1beta1
  - pkg/conversion
  - pkg/conversion/queryparams
  - pkg/fields
  - pkg/labels
  - pkg/runtime
  - pkg/runtime/schema
  - pkg/runtime/serializer
  - pkg/runtime/serializer/json
  - pkg/runtime/serializer/protobuf
  - pkg/runtime/serializer/recognizer
  - pkg/runtime/serializer/streaming
  - pkg/runtime/serializer/versioning
  - pkg/selection
  - pkg/types
  - pkg/util/cache
  - pkg/util/clock
  - pkg/util/diff
  - pkg/util/errors
  - pkg/util/framer
  - pkg/util/intstr
  - pkg/util/json
  - pkg/util/mergepatch
  - pkg/util/net
  - pkg/util/runtime
  - pkg/util/sets
  - pkg/util/strategicpatch
  - pkg/util/validation
  - pkg/util/validation/field
  - pkg/util/wait
  - pkg/util/yaml
  - pkg/version
  - pkg/watch
  - third_party/forked/golang/json
  - third_party/forked/golang/reflect
- name: k8s.io/apiserver
  version: 5ae41ac86efd753e2ba012f097b83a914b268236
  subpackages:
  - pkg/authentication/authenticator
  - pkg/authentication/serviceaccount
  - pkg/authentication/user
  - pkg/features
  - pkg/util/feature
- name: k8s.io/client-go
  version: 23781f4d6632d88e869066eaebb743857aa1ef9b
  subpackages:
  - discovery
  - informers
  - informers/admissionregistration
  - informers/admissionregistration/v1alpha1
  - informers/admissionregistration/v1beta1
  - informers/apps
  - informers/apps/v1
  - informers/apps/v1beta1
  - informers/apps/v1beta2
  - informers/autoscaling
  - informers/autoscaling/v1
  - informers/autoscaling/v2beta1
  - informers/batch
  - informers/batch/v1
  - informers/batch/v1beta1
  - informers/batch/v2alpha1
  - informers/certificates
  - informers/certificates/v1beta1
  - informers/core
  - informers/core/v1
  - informers/events
  - informers/events/v1beta1
  - informers/extensions
  - informers/extensions/v1beta1
  - informers/internalinterfaces
  - informers/networking
  - informers/networking/v1
  - informers/policy
  - informers/policy/v1beta1
  - informers/rbac
  - informers/rbac/v1
  - informers/rbac/v1alpha1
  - informers/rbac/v1beta1
  - informers/scheduling
  - informers/scheduling/v1alpha1
  - informers/settings
  - informers/settings/v1alpha1
  - informers/storage
  - informers/storage/v1
  - informers/storage/v1alpha1
  - informers/storage/v1beta1
  - kubernetes
  - kubernetes/scheme
  - kubernetes/typed/admissionregistration/v1alpha1
  - kubernetes/typed/admissionregistration/v1beta1
  - kubernetes/typed/apps/v1
  - kubernetes/typed/apps/v1beta1
  - kubernetes/typed/apps/v1beta2
  - kubernetes/typed/authentication/v1
  - kubernetes/typed/authentication/v1beta1
  - kubernetes/typed/authorization/v1
  - kubernetes/typed/authorization/v1beta1
  - kubernetes/typed/autoscaling/v1
  - kubernetes/typed/autoscaling/v2beta1
  - kubernetes/typed/batch/v1
  - kubernetes/typed/batch/v1beta1
  - kubernetes/typed/batch/v2alpha1
  - kubernetes/typed/certificates/v1beta1
  - kubernetes/typed/core/v1
  - kubernetes/typed/events/v1beta1
  - kubernetes/typed/extensions/v1beta1
  - kubernetes/typed/networking/v1
  - kubernetes/typed/policy/v1beta1
  - kubernetes/typed/rbac/v1
  - kubernetes/typed/rbac/v1alpha1
  - kubernetes/typed/rbac/v1beta1
  - kubernetes/typed/scheduling/v1alpha1
  - kubernetes/typed/settings/v1alpha1
  - kubernetes/typed/storage/v1
  - kubernetes/typed/storage/v1alpha1
  - kubernetes/typed/storage/v1beta1
  - listers/admissionregistration/v1alpha1
  - listers/admissionregistration/v1beta1
  - listers/apps/v1
  - listers/apps/v1beta1
  - listers/apps/v1beta2
  - listers/autoscaling/v1
  - listers/autoscaling/v2beta1
  - listers/batch/v1
  - listers/batch/v1beta1
  - listers/batch/v2alpha1
  - listers/certificates/v1beta1
  - listers/core/v1
  - listers/events/v1beta1
  - listers/extensions/v1beta1
  - listers/networking/v1
  - listers/policy/v1beta1
  - listers/rbac/v1
  - listers/rbac/v1alpha1
  - listers/rbac/v1beta1
  - listers/scheduling/v1alpha1
  - listers/settings/v1alpha1
  - listers/storage/v1
  - listers/storage/v1alpha1
  - listers/storage/v1beta1
  - pkg/apis/clientauthentication
  - pkg/apis/clientauthentication/v1alpha1
  - pkg/version
  - plugin/pkg/client/auth/exec
  - rest
  - rest/watch
  - tools/cache
  - tools/clientcmd/api
  - tools/metrics
  - tools/pager
  - tools/record
  - tools/reference
  - transport
  - util/buffer
  - util/cert
  - util/flowcontrol
  - util/integer
  - util/retry
- name: k8s.io/kube-openapi
  version: 50ae88d24ede7b8bad68e23c805b5d3da5c8abaf
  subpackages:
  - pkg/util/proto
- name: k8s.io/kubernetes
  version: fc32d2f3698e36b93322a3465f63a14e9f0eaead
  subpackages:
  - pkg/api/legacyscheme
  - pkg/api/service
  - pkg/api/v1/pod
  - pkg/apis/autoscaling
  - pkg/apis/core
  - pkg/apis/core/helper
  - pkg/apis/core/install
  - pkg/apis/core/pods
  - pkg/apis/core/v1
  - pkg/apis/core/v1/helper
  - pkg/apis/core/validation
  - pkg/apis/extensions
  - pkg/apis/networking
  - pkg/capabilities
  - pkg/cloudprovider
  - pkg/controller
  - pkg/features
  - pkg/fieldpath
  - pkg/kubelet/apis
  - pkg/kubelet/types
  - pkg/master/ports
  - pkg/scheduler/api
  - pkg/security/apparmor
  - pkg/serviceaccount
  - pkg/util/file
  - pkg/util/filesystem
  - pkg/util/hash
  - pkg/util/io
  - pkg/util/mount
  - pkg/util/net/sets
  - pkg/util/nsenter
  - pkg/util/parsers
  - pkg/util/pointer
  - pkg/util/strings
  - pkg/util/taints
  - pkg/volume
  - pkg/volume/flexvolume
  - pkg/volume/util
  - pkg/volume/util/fs
  - pkg/volume/util/recyclerclient
  - pkg/volume/util/types
- name: k8s.io/utils
  version: aedf551cdb8b0119df3a19c65fde413a13b34997
  subpackages:
  - clock
  - exec
  - exec/testing
testImports: []
